// !$*UTF8*$!
{
	archiveVersion = 1;
	classes = {
	};
	objectVersion = 50;
	objects = {

/* Begin PBXBuildFile section */
		3103367822FD14E200510B16 /* ParallaxTableViewCell.swift in Sources */ = {isa = PBXBuildFile; fileRef = 3103367722FD14E200510B16 /* ParallaxTableViewCell.swift */; };
		311F367722FD10BF0053D93B /* AppDelegate.swift in Sources */ = {isa = PBXBuildFile; fileRef = 311F367622FD10BF0053D93B /* AppDelegate.swift */; };
		311F367922FD10BF0053D93B /* ListTableViewController.swift in Sources */ = {isa = PBXBuildFile; fileRef = 311F367822FD10BF0053D93B /* ListTableViewController.swift */; };
		311F367C22FD10BF0053D93B /* Main.storyboard in Resources */ = {isa = PBXBuildFile; fileRef = 311F367A22FD10BF0053D93B /* Main.storyboard */; };
		311F367E22FD10C00053D93B /* Assets.xcassets in Resources */ = {isa = PBXBuildFile; fileRef = 311F367D22FD10C00053D93B /* Assets.xcassets */; };
		311F368122FD10C00053D93B /* LaunchScreen.storyboard in Resources */ = {isa = PBXBuildFile; fileRef = 311F367F22FD10C00053D93B /* LaunchScreen.storyboard */; };
/* End PBXBuildFile section */

/* Begin PBXFileReference section */
		3103367722FD14E200510B16 /* ParallaxTableViewCell.swift */ = {isa = PBXFileReference; lastKnownFileType = sourcecode.swift; path = ParallaxTableViewCell.swift; sourceTree = "<group>"; };
		311F367322FD10BF0053D93B /* accelerometron.app */ = {isa = PBXFileReference; explicitFileType = wrapper.application; includeInIndex = 0; path = accelerometron.app; sourceTree = BUILT_PRODUCTS_DIR; };
		311F367622FD10BF0053D93B /* AppDelegate.swift */ = {isa = PBXFileReference; lastKnownFileType = sourcecode.swift; path = AppDelegate.swift; sourceTree = "<group>"; };
		311F367822FD10BF0053D93B /* ListTableViewController.swift */ = {isa = PBXFileReference; lastKnownFileType = sourcecode.swift; path = ListTableViewController.swift; sourceTree = "<group>"; };
		311F367B22FD10BF0053D93B /* Base */ = {isa = PBXFileReference; lastKnownFileType = file.storyboard; name = Base; path = Base.lproj/Main.storyboard; sourceTree = "<group>"; };
		311F367D22FD10C00053D93B /* Assets.xcassets */ = {isa = PBXFileReference; lastKnownFileType = folder.assetcatalog; path = Assets.xcassets; sourceTree = "<group>"; };
		311F368022FD10C00053D93B /* Base */ = {isa = PBXFileReference; lastKnownFileType = file.storyboard; name = Base; path = Base.lproj/LaunchScreen.storyboard; sourceTree = "<group>"; };
		311F368222FD10C00053D93B /* Info.plist */ = {isa = PBXFileReference; lastKnownFileType = text.plist.xml; path = Info.plist; sourceTree = "<group>"; };
/* End PBXFileReference section */

/* Begin PBXFrameworksBuildPhase section */
		311F367022FD10BF0053D93B /* Frameworks */ = {
			isa = PBXFrameworksBuildPhase;
			buildActionMask = 2147483647;
			files = (
			);
			runOnlyForDeploymentPostprocessing = 0;
		};
/* End PBXFrameworksBuildPhase section */

/* Begin PBXGroup section */
		3103367522FD14BE00510B16 /* Controller */ = {
			isa = PBXGroup;
			children = (
				311F367822FD10BF0053D93B /* ListTableViewController.swift */,
			);
			path = Controller;
			sourceTree = "<group>";
		};
		3103367622FD14C600510B16 /* View */ = {
			isa = PBXGroup;
			children = (
				3103367722FD14E200510B16 /* ParallaxTableViewCell.swift */,
			);
			path = View;
			sourceTree = "<group>";
		};
		311F366A22FD10BF0053D93B = {
			isa = PBXGroup;
			children = (
				311F367522FD10BF0053D93B /* accelerometron */,
				311F367422FD10BF0053D93B /* Products */,
			);
			sourceTree = "<group>";
		};
		311F367422FD10BF0053D93B /* Products */ = {
			isa = PBXGroup;
			children = (
				311F367322FD10BF0053D93B /* accelerometron.app */,
			);
			name = Products;
			sourceTree = "<group>";
		};
		311F367522FD10BF0053D93B /* accelerometron */ = {
			isa = PBXGroup;
			children = (
				3103367622FD14C600510B16 /* View */,
				3103367522FD14BE00510B16 /* Controller */,
				311F367622FD10BF0053D93B /* AppDelegate.swift */,
				311F367A22FD10BF0053D93B /* Main.storyboard */,
				311F367D22FD10C00053D93B /* Assets.xcassets */,
				311F367F22FD10C00053D93B /* LaunchScreen.storyboard */,
				311F368222FD10C00053D93B /* Info.plist */,
			);
			path = accelerometron;
			sourceTree = "<group>";
		};
/* End PBXGroup section */

/* Begin PBXNativeTarget section */
		311F367222FD10BF0053D93B /* accelerometron */ = {
			isa = PBXNativeTarget;
			buildConfigurationList = 311F368522FD10C00053D93B /* Build configuration list for PBXNativeTarget "accelerometron" */;
			buildPhases = (
				311F366F22FD10BF0053D93B /* Sources */,
				311F367022FD10BF0053D93B /* Frameworks */,
				311F367122FD10BF0053D93B /* Resources */,
			);
			buildRules = (
			);
			dependencies = (
			);
			name = accelerometron;
			productName = accelerometron;
			productReference = 311F367322FD10BF0053D93B /* accelerometron.app */;
			productType = "com.apple.product-type.application";
		};
/* End PBXNativeTarget section */

/* Begin PBXProject section */
		311F366B22FD10BF0053D93B /* Project object */ = {
			isa = PBXProject;
			attributes = {
				LastSwiftUpdateCheck = 1020;
				LastUpgradeCheck = 1020;
				ORGANIZATIONNAME = "Adam Chehadi";
				TargetAttributes = {
					311F367222FD10BF0053D93B = {
						CreatedOnToolsVersion = 10.2.1;
					};
				};
			};
			buildConfigurationList = 311F366E22FD10BF0053D93B /* Build configuration list for PBXProject "accelerometron" */;
			compatibilityVersion = "Xcode 9.3";
			developmentRegion = en;
			hasScannedForEncodings = 0;
			knownRegions = (
				en,
				Base,
			);
			mainGroup = 311F366A22FD10BF0053D93B;
			productRefGroup = 311F367422FD10BF0053D93B /* Products */;
			projectDirPath = "";
			projectRoot = "";
			targets = (
				311F367222FD10BF0053D93B /* accelerometron */,
			);
		};
/* End PBXProject section */

/* Begin PBXResourcesBuildPhase section */
		311F367122FD10BF0053D93B /* Resources */ = {
			isa = PBXResourcesBuildPhase;
			buildActionMask = 2147483647;
			files = (
				311F368122FD10C00053D93B /* LaunchScreen.storyboard in Resources */,
				311F367E22FD10C00053D93B /* Assets.xcassets in Resources */,
				311F367C22FD10BF0053D93B /* Main.storyboard in Resources */,
			);
			runOnlyForDeploymentPostprocessing = 0;
		};
/* End PBXResourcesBuildPhase section */

/* Begin PBXSourcesBuildPhase section */
		311F366F22FD10BF0053D93B /* Sources */ = {
			isa = PBXSourcesBuildPhase;
			buildActionMask = 2147483647;
			files = (
				311F367922FD10BF0053D93B /* ListTableViewController.swift in Sources */,
				311F367722FD10BF0053D93B /* AppDelegate.swift in Sources */,
				3103367822FD14E200510B16 /* ParallaxTableViewCell.swift in Sources */,
			);
			runOnlyForDeploymentPostprocessing = 0;
		};
/* End PBXSourcesBuildPhase section */

/* Begin PBXVariantGroup section */
		311F367A22FD10BF0053D93B /* Main.storyboard */ = {
			isa = PBXVariantGroup;
			children = (
				311F367B22FD10BF0053D93B /* Base */,
			);
			name = Main.storyboard;
			sourceTree = "<group>";
		};
		311F367F22FD10C00053D93B /* LaunchScreen.storyboard */ = {
			isa = PBXVariantGroup;
			children = (
				311F368022FD10C00053D93B /* Base */,
			);
			name = LaunchScreen.storyboard;
			sourceTree = "<group>";
		};
/* End PBXVariantGroup section */

/* Begin XCBuildConfiguration section */
		311F368322FD10C00053D93B /* Debug */ = {
			isa = XCBuildConfiguration;
			buildSettings = {
				ALWAYS_SEARCH_USER_PATHS = NO;
				CLANG_ANALYZER_NONNULL = YES;
				CLANG_ANALYZER_NUMBER_OBJECT_CONVERSION = YES_AGGRESSIVE;
				CLANG_CXX_LANGUAGE_STANDARD = "gnu++14";
				CLANG_CXX_LIBRARY = "libc++";
				CLANG_ENABLE_MODULES = YES;
				CLANG_ENABLE_OBJC_ARC = YES;
				CLANG_ENABLE_OBJC_WEAK = YES;
				CLANG_WARN_BLOCK_CAPTURE_AUTORELEASING = YES;
				CLANG_WARN_BOOL_CONVERSION = YES;
				CLANG_WARN_COMMA = YES;
				CLANG_WARN_CONSTANT_CONVERSION = YES;
				CLANG_WARN_DEPRECATED_OBJC_IMPLEMENTATIONS = YES;
				CLANG_WARN_DIRECT_OBJC_ISA_USAGE = YES_ERROR;
				CLANG_WARN_DOCUMENTATION_COMMENTS = YES;
				CLANG_WARN_EMPTY_BODY = YES;
				CLANG_WARN_ENUM_CONVERSION = YES;
				CLANG_WARN_INFINITE_RECURSION = YES;
				CLANG_WARN_INT_CONVERSION = YES;
				CLANG_WARN_NON_LITERAL_NULL_CONVERSION = YES;
				CLANG_WARN_OBJC_IMPLICIT_RETAIN_SELF = YES;
				CLANG_WARN_OBJC_LITERAL_CONVERSION = YES;
				CLANG_WARN_OBJC_ROOT_CLASS = YES_ERROR;
				CLANG_WARN_RANGE_LOOP_ANALYSIS = YES;
				CLANG_WARN_STRICT_PROTOTYPES = YES;
				CLANG_WARN_SUSPICIOUS_MOVE = YES;
				CLANG_WARN_UNGUARDED_AVAILABILITY = YES_AGGRESSIVE;
				CLANG_WARN_UNREACHABLE_CODE = YES;
				CLANG_WARN__DUPLICATE_METHOD_MATCH = YES;
				CODE_SIGN_IDENTITY = "iPhone Developer";
				COPY_PHASE_STRIP = NO;
				DEBUG_INFORMATION_FORMAT = dwarf;
				ENABLE_STRICT_OBJC_MSGSEND = YES;
				ENABLE_TESTABILITY = YES;
				GCC_C_LANGUAGE_STANDARD = gnu11;
				GCC_DYNAMIC_NO_PIC = NO;
				GCC_NO_COMMON_BLOCKS = YES;
				GCC_OPTIMIZATION_LEVEL = 0;
				GCC_PREPROCESSOR_DEFINITIONS = (
					"DEBUG=1",
					"$(inherited)",
				);
				GCC_WARN_64_TO_32_BIT_CONVERSION = YES;
				GCC_WARN_ABOUT_RETURN_TYPE = YES_ERROR;
				GCC_WARN_UNDECLARED_SELECTOR = YES;
				GCC_WARN_UNINITIALIZED_AUTOS = YES_AGGRESSIVE;
				GCC_WARN_UNUSED_FUNCTION = YES;
				GCC_WARN_UNUSED_VARIABLE = YES;
				IPHONEOS_DEPLOYMENT_TARGET = 12.2;
				MTL_ENABLE_DEBUG_INFO = INCLUDE_SOURCE;
				MTL_FAST_MATH = YES;
				ONLY_ACTIVE_ARCH = YES;
				SDKROOT = iphoneos;
				SWIFT_ACTIVE_COMPILATION_CONDITIONS = DEBUG;
				SWIFT_OPTIMIZATION_LEVEL = "-Onone";
			};
			name = Debug;
		};
		311F368422FD10C00053D93B /* Release */ = {
			isa = XCBuildConfiguration;
			buildSettings = {
				ALWAYS_SEARCH_USER_PATHS = NO;
				CLANG_ANALYZER_NONNULL = YES;
				CLANG_ANALYZER_NUMBER_OBJECT_CONVERSION = YES_AGGRESSIVE;
				CLANG_CXX_LANGUAGE_STANDARD = "gnu++14";
				CLANG_CXX_LIBRARY = "libc++";
				CLANG_ENABLE_MODULES = YES;
				CLANG_ENABLE_OBJC_ARC = YES;
				CLANG_ENABLE_OBJC_WEAK = YES;
				CLANG_WARN_BLOCK_CAPTURE_AUTORELEASING = YES;
				CLANG_WARN_BOOL_CONVERSION = YES;
				CLANG_WARN_COMMA = YES;
				CLANG_WARN_CONSTANT_CONVERSION = YES;
				CLANG_WARN_DEPRECATED_OBJC_IMPLEMENTATIONS = YES;
				CLANG_WARN_DIRECT_OBJC_ISA_USAGE = YES_ERROR;
				CLANG_WARN_DOCUMENTATION_COMMENTS = YES;
				CLANG_WARN_EMPTY_BODY = YES;
				CLANG_WARN_ENUM_CONVERSION = YES;
				CLANG_WARN_INFINITE_RECURSION = YES;
				CLANG_WARN_INT_CONVERSION = YES;
				CLANG_WARN_NON_LITERAL_NULL_CONVERSION = YES;
				CLANG_WARN_OBJC_IMPLICIT_RETAIN_SELF = YES;
				CLANG_WARN_OBJC_LITERAL_CONVERSION = YES;
				CLANG_WARN_OBJC_ROOT_CLASS = YES_ERROR;
				CLANG_WARN_RANGE_LOOP_ANALYSIS = YES;
				CLANG_WARN_STRICT_PROTOTYPES = YES;
				CLANG_WARN_SUSPICIOUS_MOVE = YES;
				CLANG_WARN_UNGUARDED_AVAILABILITY = YES_AGGRESSIVE;
				CLANG_WARN_UNREACHABLE_CODE = YES;
				CLANG_WARN__DUPLICATE_METHOD_MATCH = YES;
				CODE_SIGN_IDENTITY = "iPhone Developer";
				COPY_PHASE_STRIP = NO;
				DEBUG_INFORMATION_FORMAT = "dwarf-with-dsym";
				ENABLE_NS_ASSERTIONS = NO;
				ENABLE_STRICT_OBJC_MSGSEND = YES;
				GCC_C_LANGUAGE_STANDARD = gnu11;
				GCC_NO_COMMON_BLOCKS = YES;
				GCC_WARN_64_TO_32_BIT_CONVERSION = YES;
				GCC_WARN_ABOUT_RETURN_TYPE = YES_ERROR;
				GCC_WARN_UNDECLARED_SELECTOR = YES;
				GCC_WARN_UNINITIALIZED_AUTOS = YES_AGGRESSIVE;
				GCC_WARN_UNUSED_FUNCTION = YES;
				GCC_WARN_UNUSED_VARIABLE = YES;
				IPHONEOS_DEPLOYMENT_TARGET = 12.2;
				MTL_ENABLE_DEBUG_INFO = NO;
				MTL_FAST_MATH = YES;
				SDKROOT = iphoneos;
				SWIFT_COMPILATION_MODE = wholemodule;
				SWIFT_OPTIMIZATION_LEVEL = "-O";
				VALIDATE_PRODUCT = YES;
			};
			name = Release;
		};
		311F368622FD10C00053D93B /* Debug */ = {
			isa = XCBuildConfiguration;
			buildSettings = {
				ASSETCATALOG_COMPILER_APPICON_NAME = AppIcon;
				CODE_SIGN_STYLE = Automatic;
				DEVELOPMENT_TEAM = W27U4UAHY5;
				INFOPLIST_FILE = accelerometron/Info.plist;
				LD_RUNPATH_SEARCH_PATHS = (
					"$(inherited)",
					"@executable_path/Frameworks",
				);
				PRODUCT_BUNDLE_IDENTIFIER = unfetterlinski.accelerometron;
				PRODUCT_NAME = "$(TARGET_NAME)";
				SWIFT_VERSION = 5.0;
				TARGETED_DEVICE_FAMILY = "1,2";
			};
			name = Debug;
		};
		311F368722FD10C00053D93B /* Release */ = {
			isa = XCBuildConfiguration;
			buildSettings = {
				ASSETCATALOG_COMPILER_APPICON_NAME = AppIcon;
				CODE_SIGN_STYLE = Automatic;
				DEVELOPMENT_TEAM = W27U4UAHY5;
				INFOPLIST_FILE = accelerometron/Info.plist;
				LD_RUNPATH_SEARCH_PATHS = (
					"$(inherited)",
					"@executable_path/Frameworks",
				);
				PRODUCT_BUNDLE_IDENTIFIER = unfetterlinski.accelerometron;
				PRODUCT_NAME = "$(TARGET_NAME)";
				SWIFT_VERSION = 5.0;
				TARGETED_DEVICE_FAMILY = "1,2";
			};
			name = Release;
		};
/* End XCBuildConfiguration section */

/* Begin XCConfigurationList section */
		311F366E22FD10BF0053D93B /* Build configuration list for PBXProject "accelerometron" */ = {
			isa = XCConfigurationList;
			buildConfigurations = (
				311F368322FD10C00053D93B /* Debug */,
				311F368422FD10C00053D93B /* Release */,
			);
			defaultConfigurationIsVisible = 0;
			defaultConfigurationName = Release;
		};
		311F368522FD10C00053D93B /* Build configuration list for PBXNativeTarget "accelerometron" */ = {
			isa = XCConfigurationList;
			buildConfigurations = (
				311F368622FD10C00053D93B /* Debug */,
				311F368722FD10C00053D93B /* Release */,
			);
			defaultConfigurationIsVisible = 0;
			defaultConfigurationName = Release;
		};
/* End XCConfigurationList section */
	};
	rootObject = 311F366B22FD10BF0053D93B /* Project object */;
}
